
Microsoft Visual Studio Solution File, Format Version 12.00
# Visual Studio Version 17
VisualStudioVersion = 17.4.33213.308
MinimumVisualStudioVersion = 10.0.40219.1
Project("{FAE04EC0-301F-11D3-BF4B-00C04F79EFBC}") = "zadacha 1", "zadacha 1\zadacha 1.csproj", "{2127C858-759D-4E4D-AC1D-A39227A19221}"
EndProject
Global
	GlobalSection(SolutionConfigurationPlatforms) = preSolution
		Debug|Any CPU = Debug|Any CPU
		Release|Any CPU = Release|Any CPU
	EndGlobalSection
	GlobalSection(ProjectConfigurationPlatforms) = postSolution
		{2127C858-759D-4E4D-AC1D-A39227A19221}.Debug|Any CPU.ActiveCfg = Debug|Any CPU
		{2127C858-759D-4E4D-AC1D-A39227A19221}.Debug|Any CPU.Build.0 = Debug|Any CPU
		{2127C858-759D-4E4D-AC1D-A39227A19221}.Release|Any CPU.ActiveCfg = Release|Any CPU
		{2127C858-759D-4E4D-AC1D-A39227A19221}.Release|Any CPU.Build.0 = Release|Any CPU
	EndGlobalSection
	GlobalSection(SolutionProperties) = preSolution
		HideSolutionNode = FALSE
	EndGlobalSection
	GlobalSection(ExtensibilityGlobals) = postSolution
		SolutionGuid = {A96CCB9A-FAE3-47D5-BB16-7B93CB3F5933}
	EndGlobalSection
EndGlobal
